U2FsdGVkX1+A0Huyci6REvcI4i6iY1BBOcwWpMO7Q96pnOnfh9lde0eSWITsz6EeIXbI/dECJci3aWqLtMgSPNjHPTi5hcbj+vnteShja+xL8/LkU+Ol1OQ+X2oiOs0HgA7qZ7p9MnYuHUXF/972g8wk8xhbYP7X/4i9PEPsip8K1sQp+qbrnAYP9J8L+1BJXTdeO3z/Yr0t95pMf59ID9EZhDn1Mx0kOED9hqngFbjbuN8Ny4WOXoqde5ZiC7RXCWv5FI3e0kEFAE48n7Z5MhwGsKl68yvi2ntZzBPN2ok9l96eIlV/LsYNE0FbI9j+vaLZAZv7lHcpKpQ3kbM9+BRwgtUB4IEKOHDFrVWrEtyg1TYLDV/ad7mZJYPNPpe7yhoLlnHF/+5dswVHCEnGUY2gzI8YBSB871GLh38XnDvGnA0S3XFozsT6twubROIl02pyz/j2OU3SjM+TAkz4lCAcXEy1sqMGPNtii2DnWM6MypUtlPck2Hr+sv+LTUlQ29VSfqoRQZK2lrgXQtzrYO5At7KiWnQ2Z/KiMGi4JsXVyhVT6PudRJQqE6xTm3Ek6TBazg/JSQJswvoSQ2RvvHgUw8Mtj8Wplwzl3p6UNUs3ItYbApauTx/zd0/oEOlLQ27FpEqn0uhLOmc6MCKDXkShqXxmwBvUAh5nD/cJEI3TPg8WJ75MuuroecX7Hno4FnRyL4HBtX5wK4X5ewSDEVSrqR9Ppmb+7m309QpqGmPwlu6b75rSOo+GuXf68ec77ZgsxGwnLminc2HluXksWmp4Q/SJ+o4xqOWkJjcP0Pr0gBa11m6VFH3aqAejiyVrGwxAdcjd3zOv0hOYAHCSGSfZiCnCkINFWwkx4CzhkVSdjISFCEosABvY3QwIBraVQujrz6pCSODhxLC0xYv05VZWUfkYhfuEG7ZQQ8u6QgcpFeL+ZVsUAoRgqqSUpYBMlKK6pmVpJ5e5cr97RNzYfyVBmjtAsoK4EAjCM7CDBQkbw91TU22rwoEmAC8Kn457kBxUF3bG4bW+GZLKi0nUNMvbWS7tVgUGxQV9+AKeo5ho2hOWbnvZlS36OUcUJyzg/G1oeSLUFM/A+7iSaVwSIJtUJ+XRn+p7kOo7Sxq+hGY7onbE1UUk+HJ2NXIKq3tKKjC5ObPMeeblkZrZmDim1TtJBz8Q1nhOwIgx0GylR2R7Vn0qIujlM4+vg8DzFURiqQvMBF7AYtoNs0oV2KDy3zNkVmjIYKWDjJuNxW5LsBa/vRlEaqL7JyCejEb5d+vvVWTboshUtyK2X3GtG+frzLeqPmDl0x+w5bQB7jry0Fz/mUEaobogdUyytGAXn+0U7TLed+aZvuPGeMOYXLFJvumRQ7L7E/U/HLkQMlhVF77HTZXGabxmiYZ7LIu+tWBGrTrNw6TITeKVstQhAFxngueGul6LtjjSPw/AiSDhvwM+jOaqMw3KSeXrH+lAS3lSoPzTMQn9QiXGYvSdU3C+kpcRnp/jac+DsydlPps247ssY86oM16r14kOqywW/aLhZvmFMEVlWD4Tl2BG09+gt+jICUxjepkutg5XCqbjECcN+w/TmCkaGOt+LWpgONCkfUEp6McyfOdFkoYO0ax2weL1QI65vQEOTRS+50zNnVWmndmhkATkDz8fzyLELIeIQwQvGGpKhOqcz+3YPJE7gqyMzgUMFBn/CwSk7guTQZaIFDmM/N3MXKb43uajwtRmdOZ1qcCgm7C+iPS5t5yhnnm7W6QAcNpApAFF/NmJkuxNBK0t8uBxg/aZlA36SIUUKXEVuqYJXT4U7FUlOUqYtoXIXduEikyzWu4p+L6oFUEUYtVTAltmAZAIQLP0e6SvkZDdTj3V9RiwzqVNNyXWxHZSk2ZR7XXyC7D1WuB/1Wc6BAcG4Wx5gEk8I1QX4Mii6YS7Bw/ZRE7Mvh0QejdTm4nw2Wlyy8ym8Xy4XNKOTw+nNjviu397gVCaB26kRBzd56sxMy4JyAh6zGulv0NFNaJOYIOpUyXVIiewNBlIp6WJ+OEgO02IlM0rnT8fo28oLK37L1x2hAe14vAuNBnrmGXw/8PJwM8IQ8iM9kOMTtYkyqhqo/2ZTWA8/C1YK/drF95COMmbQvSGjFeUfBSBQdyYoEQkK9l4vskSK7mVO5q7CIiNZ+D9sbdkjBB2TpyvnIBHnmt5yEmTanNCSTHonGGjKEhNQGxEfxb2sUoPPSOpKAbjw/frtfNaPEqTCDMeD55BOnepupfLh98BZfQNxu+R+MWl59zwGpGfXWFRII0ceY7z654EsXRQxuq+naDyfgj5FyDac45pJqZAUfWGGTX9ByjCKTujcjp4kcdbzQoRIoK21DRosrheeUObIOfRTJwxW0Qz/025AgcIAGkTY15pbt+pWxr7xs3uSR7IMxLiylu7Y/Q6GoHN1080qOotm0m56f8ICFOjNsCOwl1jU0yybiFovOIh4Sy+sYtDiJPETE9HW50/jHyKGttKx2PW6y2g0KvxoiXyk17OknmrMSnc1r5qqKrVRAayzFvMaStWDpPC1fr0gSVOFzdQ0/RpoPNYfGOSXJm+ODwoSEgCm2sJHm9P5QU4Gp4QyobVpDwiByPDGXFpR2EYJHniuB643eJfgBrQekokYCw7Q9mh2vsdgioqv++2+d0BwUG6xDJQRvS2EP4le2iDgyulGQiw8/TYIQA1smesSb5roLAlPdRydsHzCpKxpbUVMJup10SuYKEppphCHGLWweX2Od5PQFwdBHJZ+3jzKhoaiMNKs4vivTM0a1LN/x8fnUNsf6JG0unbogGMmkQCzbXLBeNPoxE+FpEw3MYgjTvdJTULVeLpYAMOWr/EOPWjI3/a+0r/Y5llOMuN9fwIVVKxuv44jwXxjI3+kyh2mxkjsp5u4ekNU62UbRzDSWKcEILHe0q1GsGD940n9jIJb4Q8ugwzZoIYcr57K8Z9XFxwdyoXABu3VpH2CEB8Qxothlusm+wRiYpTpPRzQHPiDv23A2sKO/r7KXdj7MUsY9JMPyE736IqDC82v+n+VeURoEzWioxTR8VL+JheQCqFeDGe2on1634+4v6gQwdv3S2cZiE/DHkWUuMjfXqlMqxkSMq6kVnDzsNUQnv8LQ9GsjI2x/bYrB1QkBv3zf+wEhEvsGaxURUxgd/gYVIkL854713wE5TlUBp19aaJ1M0FO/3uqMwBG2/MiHeEFWtvtNtPDd+r5cgbKpFIFInlKjxcGL5VASB5PCo0qFZg6ZwooY3k30lqDnrSWHGMa/8wE4sb/ZQZdg7e4WyqfN5hWjL3fKRhSdo18OWRAteNb5gwz1HcbojhTNsNxWWL4KT2HIyEcLvp4I40mIkyBsLVzfHX/wF/Odg7qD2zf0cJ2HnnjRugmweP0c6j/c0VWErXFPE9tuLu1AsaJRt730wom4u2w/AsGo5tP8gTMR6cpw41G4IQFQxaauO2yDWHfypysGOfAWWGDo20FgGa4Bq3Fa7qdHJ0kq7Ju5FqvclqUQ2974GFUVvdQwgw6UjTsc5iPH7Kynqc5RDkdsXQ87s7G9eFdmxBUHuOUNyK8OKCzgQaTwUU24rW0CNBZ/NoQ9bjN8xgPoYc4IkbcxH1ZcqJmK8KdEvWRwvKvsrqUZNE7KoFokbR1j9HdGqyQ4yDgP3R6uJrsyz1hklWr7Wg+TxKDQh0ZDL6juXOJYhEe6Tv8207GicR7bpp88E7nCoQFlMOj9TY1ce3zLYc4NM/ht/n6Yrng/pT4rloheWVSZuPEbSrx2fTIzL76RtbP/C0ILLn+W9v6VmES0INJI/5phRvjxBeGfZzAmFtHewE0grPrTepkit0oq11fL3+PrvuuvM4GhasUjzVRr7nJN7AYQ3pjsnflGw0UNwmamAFvPIqC6FbVxbLag+lvdOA35iq0/io9OSJZamwrUGSk4pdXGlwtHnmYvn4V8UhL+5RJdpDSkD8u8JwLIzyZb3k2u8YeBMXanVQ4XA3mmsd5wE61DkAQVAWtqhlPGTLaeZSJ3dvYhxgy8JuJjBSsSmfReSvQ6X+6cnVfMpiF8F4oHY5qtzCmTilCdsYKs0+OM8TqfCwVVj9jRpYE0wcpjDF8lXyohmkn49wvzD2os9YBX6hlTA+06piRAQiBFOqOpULaaV9wJrUjAtpyw19NXTr+GTRAB1DSs98aFFdOKZDFYnQqcH2mbR1JYJxZaM6GBKHWd2fcRWbchykgAjT656eIFX+BK1fOnlM/8hmd4tMAxDYXIcEuh9Xhi1acc9b2MZRVMLBSvu4fyMln5iC1TNeKzjHID6Fq3jIGbi7BDB24zFtrMhSysjgs96T18ysib/wFgv8Hy5eAVkTkZykTCzfhCin8h42ukMOg/h9NYE/lIl9IGDuOu6gILaLCJrb49FrcVo1UnUkvzBb7804KnTuO2PQDl7URb0mFgYkcmMOzSI2O/Pg9yAK4rs4tVUUIZYeiBgBK42WJaL2H895uun7z76KJq/YvD7oIHte7vYBMGe4Y7Fa53lTsvzFemlMcZukFwXRTYYWBf7a5bs9oJONyL1OTYzO04aLBChnpaIHNuQ1Zv864CX3ovfaE5qGYZpafNiIg5YosFgGu0ptfjCAtPrp8ZIH44mQTWan7v002r5dqaCJtjqVTey3trFKQBH1xy+JkAn7peoZjcVtM5KVxjoT/yrvw2RGLK6Mw+kKwO8cUaRgXcS6pSBTqm+BIvXDcJKyVT3pIVYB9Q3s2ZgGendw/9mOBhS+QK9nr7+MFU78p3y7yrChUX8YraDcZaW6VhP3tWpovp82QF1mpYejSlSzzRgXDbjlfx5oIv6OvUzB5wVEuNKOpSEccSad7s/yLzkMCJ51k5wRtMdJYa+vR+fCCmfXHcEI+zvMpUcfJ7DXlhHgSjlOGL3UOONym/YZuqql915K+9h+Na0JYrkdu748XOr6rXezIbbZJ+8PMx44iOKPqzqQq3InoiMJMMBiq46Iza+cBl+NKe7YpaM2VsbLMDw0tKnhfjS4+K7lKIQrY+d4lSBymz3sN4ta2wDxNm4EdYMIFAGveinng2lGgTjDifYQU5UL914WbTgJfY2952B25AwdaMG7/e7SFUxLlqGOIneA5BudPhgdGHzwS0A0m7Po907eYwQYyYOQWEGmovymAB9qjk/uH81pltj8PBajrSRiZy8e5h/i9SUl8XLH73cpKuCqyHc2xN7eZEhe9kytAk+kubE/AKg9Af3ZVrtW0Ub0ehFmI/A+GB8qms3Lj6/MJN0cWgvFCVPOeg1stxcAdbuBFWIvAaNdCJYHusoDaCKYQ2fD90k00dxmevLd2DKK52UYvZS/xRW6yEn1HA0Dn3r0zwQxQWymWxxrS7dKOGLx/Mx1iP9xcrSUf0qk5CzO8qT7EFKMLZcyYL6EnwkG2GoNKtafV88X2h94DV34Wbw/28/Jd1UD5vbZ6XYwy62ti1kyh0a0a+IjtfvlJEfChNYP0hzGMEYuE5ovBmSN+Tx+sqnGa4a2pIKlpsAthh2WcqqmsuydOwHjVW8EILtfaUclcGQ2kHiHqKxui9aEktVYtFknVi3fsHYAsG2ms9rPjp3rzi6RG2gH0AO2AymGii0U7yC9yApRPxP0NLHab9VbT8gMFHbtg1o5dvoZo7DJ2GogRl7rzNYVhZTqp05l/5FkN9XHATFGYKZNKi+eioPq7UUj+i/zUtqYo+t4E6/im2wHdFAiV3gVzeUzZUTSwy//7onoKYFmwALL/S12y3ALFkEer8721K8A/0OQnKAF/ZIHGqTGExHNvTIk4p6j6/wQAZrLHH/idJdUIb7ikuInlXaNxmCTd56sUMzAtEMDYAOMZ0Mgdmh4vg+Yrm4SBMyHkfKa3OyFOuFG968IMo4L6G+qiK+AG02UzDotH/cXHeEMMLwIJzvlrAg1DCgc4LpfLaSwwsDC3tiIX+oWFHAvdnt/RSyKvJO8swkUX91V9Yg7dg2UL16FCtNDF0jXntuFg1QEIBAtsm0X+M8xKtj2VB1yhc0eOyFT8KN+vL5ntCTWFrQaVltff/acXd4wBN4nIy4baoFP878UTkIWDPsiEv0acHg/avsC8sslxn3Ng+L8EgHJ+Pco+o6QQRxSsxEa8ra/XdjBCnjJxDcVSUgYX8pIFbmphBp8ZZi5nx1Z0LaPuChxhxw7svQ8XfwrJJGaqVmsVN2VS3cHl/GM2OxyPG+0VOyjAb+Svd9f9urfZSq/eGWWpg7ua0SligbXc1uGwalsp052IcomRbC52x0iOTO6N7fA1Rmn91wLRr6all2rAO0cM6VNMrecF2W841ZKFR7hrN8Aa8+vrE7l52cAJkdqHziwBBAYY/Nnx0RfSFjObpT0pBUrSUdKhqFZZ3LcV8nzOqJDKLaNiMQ+ZVV1O8K3CI9pm6h4iznK98suu3RJvMghLNTK7DWRnl2hB28wGpx88VVbJ+DQlukXYs99BI1CU1GwCT1qy6OI2kw0sVb6XFb7r/CTszhIkVVVMrXO/DQtynvuCgIit2JZGlB2FW/okQw5NQKIsK2CjDmAZOUDH9JDoDiEHEKnqsqoWuUpYujEMSSOPJy90FmG6UgiyyIAFatrKirp84Iqtxthscu/h7lruiHX9NQ5MBbSCbOn6W7PtAZbDXdfDR1EUOl1YWRKDT6V+riLAwonnHMWsHPnC0Sc/P6Sew0KAcKjHQ/wuu4qV6pXWVrfu7HpHb7LqDjyMdbmL+iOgk387YL8rtuPstACYghsRC3H+I7d85ezBKSu0jAoCupSzJi8e5mod+PHR/KNO9NngTPBA01iOmchpE+qak58hePpcU4iLz8QkLXzCic5ma74N46nmTiziwq8Q3kyG5GsFN7LhsfYs8Q67Ae8bvabTfsDEV4Mkh/61CXG669bGb2D7oXyzNTowMjvN0nrDpMeQrzOm9kt2vWydpSJYGebMUaGXHiETDnSl36s0kKCquGjeutbNB3b183U76TUl/eiSjM65pyu2X7ZEGT/2dmmyQZIQ+R6pjLjpIDoh8uCGh5TVifg45Jdc/paySAOaZecAqFxszDHUIIjwGPQhlrng8rIKhhMAU55CVbRSRFtL8hiDojc9SzBepuclxBoNH17jaVrRhRnA/M48IRWyfVR3scX4S1UUm7rjYT48zhJn6KZ1L3SywPCxUfJUkppWu/w+Oe9G2aX6jhr9zIi1A9DkTvUBw0sSN8avKKzhQSNCCA+hfEUJ3oNhxDAcoL8IJGzCZcnY40cGxInb9XoQzDeNZpcJ2CVmHENIt087czSE+ziD1PcyQsKp99GH9vdeTUNb6Rv9sEY7D+gZ66kL511UmRnPFqUBBvRGLOK/cBcZ9U2NFkPmBtZXSItTxTcCuKksKsWfBA4aDO7GKnio0DyjARjspB0oZggj6wRtJBDfEo+i0+Qiw3UCH+zNISpl1fJLKDzAwO2fDmUb6RhPHjoehs3J68jOiYowkZlcCbamHzD/0Skwuib8FddsHfri7OjT4bxYL2HJs6cdxfruF8fyCWcdVH87NpAguMDy8m4hEeg3sT1Y83dAZaRP6VC9zfEHXbP44m1yb85gZ3C0NT4ODQktEPh9fjH+3wUu9Aphohq5dTavbZKR/Y3gO/HeouZ68bLGRDctN0qMIdRWKLo+O5WyvHKyVTmnDpIQn46TjE7U05MPYtZ8SNcDToAdAMl1+rFsv5d2w878jHK5UAXFH2PhngR2DftOVHYQtIeB27KOZHlFH5rMCZJAmKlTEeZ60fMfn84i5NtSR3TFAvIMu6vnxiwjw3jPxvrJEkOWpZoWht+fkQRcXY8gzTa4D1YS121RGHnq9vejBLTf/JRyNNnXnql2RqWBrzXDBNilU6VYMffQ50nX+DI00JRPKomUJzAOjdEQNBkNmol68qkRpHZ9uVMD2/0f5SZmr1F0tIIlbzgqp0EMGIDrDLpkPM3zfEOtV/pljW/VgAVcxT2/mr4sGMXrjYBRldyrB8mkraqh2BGX34k4qGvZjTP2hmGwzc6THte8se+yUEMfLNOe5n4afut1NlsHxHdw5SCCYhnZAb1EgrtqkJVahNJNu3osn91MDV40reMzfGJrRhQcIIHic2J9k+GL5htt7VZ/VVt67TMwaJWu9xyQh9Do4cW+DpXbNGrXJS1kZbe/8gaDCh+odn4ZeD2m92X6Y2kw8Ak0nSk0L7PuICXh1fP9Kph63uTafzwFdA8/NCX0OqMKqBI9hpnrVf6d79mAw+rsMyDEHdLHj175vMs4s/C+lfUHyY+b+I+9qUk8hOJk1qq8bgCco3yENb7FpkMGM8FJq3rs0K5t/ml0TIsmWiBdMfO2noMe2cYAD1H3N6Z/F7nLMKR9nVR9HmyVmcKTBcVQXG4kE+PuxCL3JV30vMNSjP8ExN7nUvyc5zqAu23IV0JXCypr0Ge0KN+uzmRzcyXf4ogli5qz6pNZJIXuOf67gH2xgioE2ajSFonMn/a28KqUWXiWguB5KZ2rXoFGkZgj/M1/mJZ5sCbx4anHzq9G/7ab7M44A2yMPtSGZTVMQT/dNrvXwWYXgAq81Ei9WA=